
Microsoft Visual Studio Solution File, Format Version 12.00
# Visual Studio Version 16
VisualStudioVersion = 16.0.30907.101
MinimumVisualStudioVersion = 10.0.40219.1
Project("{FAE04EC0-301F-11D3-BF4B-00C04F79EFBC}") = "BAI_1.1_LamQuenCsharp", "BAI_1.1_LamQuenCsharp\BAI_1.1_LamQuenCsharp.csproj", "{B611F259-80BF-45EA-8A05-8DAD77FCEC14}"
EndProject
Global
	GlobalSection(SolutionConfigurationPlatforms) = preSolution
		Debug|Any CPU = Debug|Any CPU
		Release|Any CPU = Release|Any CPU
	EndGlobalSection
	GlobalSection(ProjectConfigurationPlatforms) = postSolution
		{B611F259-80BF-45EA-8A05-8DAD77FCEC14}.Debug|Any CPU.ActiveCfg = Debug|Any CPU
		{B611F259-80BF-45EA-8A05-8DAD77FCEC14}.Debug|Any CPU.Build.0 = Debug|Any CPU
		{B611F259-80BF-45EA-8A05-8DAD77FCEC14}.Release|Any CPU.ActiveCfg = Release|Any CPU
		{B611F259-80BF-45EA-8A05-8DAD77FCEC14}.Release|Any CPU.Build.0 = Release|Any CPU
	EndGlobalSection
	GlobalSection(SolutionProperties) = preSolution
		HideSolutionNode = FALSE
	EndGlobalSection
	GlobalSection(ExtensibilityGlobals) = postSolution
		SolutionGuid = {EB3E4679-016D-4713-A496-91A3F234A7E8}
	EndGlobalSection
EndGlobal
