
Microsoft Visual Studio Solution File, Format Version 12.00
# Visual Studio Version 16
VisualStudioVersion = 16.0.30907.101
MinimumVisualStudioVersion = 10.0.40219.1
Project("{FAE04EC0-301F-11D3-BF4B-00C04F79EFBC}") = "BAI_1.1_LamQuenCsharp", "BAI_1.1_LamQuenCsharp\BAI_1.1_LamQuenCsharp.csproj", "{B611F259-80BF-45EA-8A05-8DAD77FCEC14}"
EndProject
Project("{FAE04EC0-301F-11D3-BF4B-00C04F79EFBC}") = "Bai_1.2_BienLaGi", "Bai_1.2_BienLaGi\Bai_1.2_BienLaGi.csproj", "{A1E294E2-3CCD-4F6B-A472-AB14135AE05D}"
EndProject
Project("{FAE04EC0-301F-11D3-BF4B-00C04F79EFBC}") = "Bai_1.3_NhapXuatTuBanPhim", "Bai_1.3_NhapXuatTuBanPhim\Bai_1.3_NhapXuatTuBanPhim.csproj", "{9E277C50-3383-4A63-9CE3-978C6BCFF4A7}"
EndProject
Project("{FAE04EC0-301F-11D3-BF4B-00C04F79EFBC}") = "Bai_1.4_EpKieu", "Bai_1.4_EpKieu\Bai_1.4_EpKieu.csproj", "{82F9DC60-8887-44E5-B513-9961B4D7BAB3}"
EndProject
Project("{FAE04EC0-301F-11D3-BF4B-00C04F79EFBC}") = "Bai_1.5_ToanTuTrongLapTrinh", "Bai_1.5_ToanTuTrongLapTrinh\Bai_1.5_ToanTuTrongLapTrinh.csproj", "{9225B1DF-397D-49FD-A78D-544B3CAECE22}"
EndProject
Project("{FAE04EC0-301F-11D3-BF4B-00C04F79EFBC}") = "BAI_MAU_1_NHAP_XUAT", "BAI_MAU_1_NHAP_XUAT\BAI_MAU_1_NHAP_XUAT.csproj", "{44F856F1-2D0D-4E6C-8DD4-0A75AB78B654}"
EndProject
Project("{FAE04EC0-301F-11D3-BF4B-00C04F79EFBC}") = "Bai_1.6_CauLenh_IF", "Bai_1.6_CauLenh_IF\Bai_1.6_CauLenh_IF.csproj", "{45E107ED-F1FA-4F28-B71A-C5BC20FEAFE0}"
EndProject
Project("{FAE04EC0-301F-11D3-BF4B-00C04F79EFBC}") = "Bai_1.7_CauLenh_Else", "Bai_1.7_CauLenh_Else\Bai_1.7_CauLenh_Else.csproj", "{E037E64E-3704-4F46-94E9-61014D12A1EB}"
EndProject
Project("{FAE04EC0-301F-11D3-BF4B-00C04F79EFBC}") = "Bai_1.8_CauLenh_Else_If", "Bai_1.8_CauLenh_Else_If\Bai_1.8_CauLenh_Else_If.csproj", "{9AB3BE80-3F91-4CB9-9D7E-D264C0188DDC}"
EndProject
Project("{FAE04EC0-301F-11D3-BF4B-00C04F79EFBC}") = "Bai_1.9_SwitchCase", "Bai_1.9_SwitchCase\Bai_1.9_SwitchCase.csproj", "{1E1367EA-F8C9-4927-B59F-225C8B7CD295}"
EndProject
Project("{FAE04EC0-301F-11D3-BF4B-00C04F79EFBC}") = "Bai_2.0_ToanTuBaNgoi", "Bai_2.0_ToanTuBaNgoi\Bai_2.0_ToanTuBaNgoi.csproj", "{DD06A8CA-DD9E-4A7E-9EA7-6E56DEA66F64}"
EndProject
Project("{FAE04EC0-301F-11D3-BF4B-00C04F79EFBC}") = "Bai_2.1_VongLap_While_DoWhile_For", "Bai_2.1_VongLap_While_DoWhile_For\Bai_2.1_VongLap_While_DoWhile_For.csproj", "{FD16C9A2-638A-4414-B797-48B69CEF9F45}"
EndProject
Project("{FAE04EC0-301F-11D3-BF4B-00C04F79EFBC}") = "Bai_2.3_Foreach", "Bai_2_3_Foreach\Bai_2.3_Foreach.csproj", "{16F0554A-74FA-46FF-B04F-E18166B79A96}"
EndProject
Project("{FAE04EC0-301F-11D3-BF4B-00C04F79EFBC}") = "Bai_2.4_Array", "Bai_2.4_Array\Bai_2.4_Array.csproj", "{984A279A-CA7C-45F2-B578-E59FFC4579F8}"
EndProject
Project("{FAE04EC0-301F-11D3-BF4B-00C04F79EFBC}") = "Bai_2.5_ThuatToanNoiBot", "Bai_2.5_ThuatToanNoiBot\Bai_2.5_ThuatToanNoiBot.csproj", "{88ADA69B-D69F-4910-BBF7-B75128B7F472}"
EndProject
Project("{FAE04EC0-301F-11D3-BF4B-00C04F79EFBC}") = "BAI_MAU_2_NHAP_XUAT_MANG", "BAI_MAU_2_NHAP_XUAT_MANG\BAI_MAU_2_NHAP_XUAT_MANG.csproj", "{AB1F9545-CB00-4076-8326-CCFED19A8E56}"
EndProject
Project("{FAE04EC0-301F-11D3-BF4B-00C04F79EFBC}") = "DE_KIEM_TRA_LAB1_LAB2", "DE_KIEM_TRA_LAB1_LAB2\DE_KIEM_TRA_LAB1_LAB2.csproj", "{B48C0F66-9507-4BE2-9CFB-1D6AAC16AED4}"
EndProject
Project("{FAE04EC0-301F-11D3-BF4B-00C04F79EFBC}") = "Bai_2.6_OOP_LapTrinhHuongDoiTuong", "Bai_2.6_OOP_LapTrinhHuongDoiTuong\Bai_2.6_OOP_LapTrinhHuongDoiTuong.csproj", "{39A10E77-3840-417B-9FDC-D3C1AEA5077B}"
EndProject
Project("{FAE04EC0-301F-11D3-BF4B-00C04F79EFBC}") = "Bai_2.7_ArrayList", "Bai_2.7_ArrayList\Bai_2.7_ArrayList.csproj", "{42AFBBE4-0234-4994-9212-595B58B17B2B}"
EndProject
Project("{FAE04EC0-301F-11D3-BF4B-00C04F79EFBC}") = "Bai_2.8_List", "Bai_2.8_List\Bai_2.8_List.csproj", "{B5D1CA99-B769-4B46-9CF7-281132A41855}"
EndProject
Project("{FAE04EC0-301F-11D3-BF4B-00C04F79EFBC}") = "BAI_MAU_NHAP_XUAT_OOPV1", "BAI_MAU_NHAP_XUAT_OOPV1\BAI_MAU_NHAP_XUAT_OOPV1.csproj", "{5799A4C0-79F9-44EA-BCBA-47D1EC710131}"
EndProject
Project("{FAE04EC0-301F-11D3-BF4B-00C04F79EFBC}") = "Bai_2.9_Method_PhuongThuc", "Bai_2.9_Method_PhuongThuc\Bai_2.9_Method_PhuongThuc.csproj", "{9DAF392E-0922-458B-8633-0327CF39FC9F}"
EndProject
Project("{FAE04EC0-301F-11D3-BF4B-00C04F79EFBC}") = "Bai_3.0_OOP_KeThua", "Bai_3.0_OOP_KeThua\Bai_3.0_OOP_KeThua.csproj", "{D08ED822-06F5-416C-96A3-0875C0D11519}"
EndProject
Project("{FAE04EC0-301F-11D3-BF4B-00C04F79EFBC}") = "BAI_3.1_LINQ_CoBan", "BAI_3.1_LINQ_CoBan\BAI_3.1_LINQ_CoBan.csproj", "{ED6EE88A-E422-4F88-B861-5FEC3E98FDCE}"
EndProject
Project("{FAE04EC0-301F-11D3-BF4B-00C04F79EFBC}") = "BAI_MAU_CRUD_OOP_V2", "BAI_MAU_CRUD_OOP_V2\BAI_MAU_CRUD_OOP_V2.csproj", "{7B9EE6C8-12D0-4C95-99C3-9C8EE21640A3}"
EndProject
Global
	GlobalSection(SolutionConfigurationPlatforms) = preSolution
		Debug|Any CPU = Debug|Any CPU
		Release|Any CPU = Release|Any CPU
	EndGlobalSection
	GlobalSection(ProjectConfigurationPlatforms) = postSolution
		{B611F259-80BF-45EA-8A05-8DAD77FCEC14}.Debug|Any CPU.ActiveCfg = Debug|Any CPU
		{B611F259-80BF-45EA-8A05-8DAD77FCEC14}.Debug|Any CPU.Build.0 = Debug|Any CPU
		{B611F259-80BF-45EA-8A05-8DAD77FCEC14}.Release|Any CPU.ActiveCfg = Release|Any CPU
		{B611F259-80BF-45EA-8A05-8DAD77FCEC14}.Release|Any CPU.Build.0 = Release|Any CPU
		{A1E294E2-3CCD-4F6B-A472-AB14135AE05D}.Debug|Any CPU.ActiveCfg = Debug|Any CPU
		{A1E294E2-3CCD-4F6B-A472-AB14135AE05D}.Debug|Any CPU.Build.0 = Debug|Any CPU
		{A1E294E2-3CCD-4F6B-A472-AB14135AE05D}.Release|Any CPU.ActiveCfg = Release|Any CPU
		{A1E294E2-3CCD-4F6B-A472-AB14135AE05D}.Release|Any CPU.Build.0 = Release|Any CPU
		{9E277C50-3383-4A63-9CE3-978C6BCFF4A7}.Debug|Any CPU.ActiveCfg = Debug|Any CPU
		{9E277C50-3383-4A63-9CE3-978C6BCFF4A7}.Debug|Any CPU.Build.0 = Debug|Any CPU
		{9E277C50-3383-4A63-9CE3-978C6BCFF4A7}.Release|Any CPU.ActiveCfg = Release|Any CPU
		{9E277C50-3383-4A63-9CE3-978C6BCFF4A7}.Release|Any CPU.Build.0 = Release|Any CPU
		{82F9DC60-8887-44E5-B513-9961B4D7BAB3}.Debug|Any CPU.ActiveCfg = Debug|Any CPU
		{82F9DC60-8887-44E5-B513-9961B4D7BAB3}.Debug|Any CPU.Build.0 = Debug|Any CPU
		{82F9DC60-8887-44E5-B513-9961B4D7BAB3}.Release|Any CPU.ActiveCfg = Release|Any CPU
		{82F9DC60-8887-44E5-B513-9961B4D7BAB3}.Release|Any CPU.Build.0 = Release|Any CPU
		{9225B1DF-397D-49FD-A78D-544B3CAECE22}.Debug|Any CPU.ActiveCfg = Debug|Any CPU
		{9225B1DF-397D-49FD-A78D-544B3CAECE22}.Debug|Any CPU.Build.0 = Debug|Any CPU
		{9225B1DF-397D-49FD-A78D-544B3CAECE22}.Release|Any CPU.ActiveCfg = Release|Any CPU
		{9225B1DF-397D-49FD-A78D-544B3CAECE22}.Release|Any CPU.Build.0 = Release|Any CPU
		{44F856F1-2D0D-4E6C-8DD4-0A75AB78B654}.Debug|Any CPU.ActiveCfg = Debug|Any CPU
		{44F856F1-2D0D-4E6C-8DD4-0A75AB78B654}.Debug|Any CPU.Build.0 = Debug|Any CPU
		{44F856F1-2D0D-4E6C-8DD4-0A75AB78B654}.Release|Any CPU.ActiveCfg = Release|Any CPU
		{44F856F1-2D0D-4E6C-8DD4-0A75AB78B654}.Release|Any CPU.Build.0 = Release|Any CPU
		{45E107ED-F1FA-4F28-B71A-C5BC20FEAFE0}.Debug|Any CPU.ActiveCfg = Debug|Any CPU
		{45E107ED-F1FA-4F28-B71A-C5BC20FEAFE0}.Debug|Any CPU.Build.0 = Debug|Any CPU
		{45E107ED-F1FA-4F28-B71A-C5BC20FEAFE0}.Release|Any CPU.ActiveCfg = Release|Any CPU
		{45E107ED-F1FA-4F28-B71A-C5BC20FEAFE0}.Release|Any CPU.Build.0 = Release|Any CPU
		{E037E64E-3704-4F46-94E9-61014D12A1EB}.Debug|Any CPU.ActiveCfg = Debug|Any CPU
		{E037E64E-3704-4F46-94E9-61014D12A1EB}.Debug|Any CPU.Build.0 = Debug|Any CPU
		{E037E64E-3704-4F46-94E9-61014D12A1EB}.Release|Any CPU.ActiveCfg = Release|Any CPU
		{E037E64E-3704-4F46-94E9-61014D12A1EB}.Release|Any CPU.Build.0 = Release|Any CPU
		{9AB3BE80-3F91-4CB9-9D7E-D264C0188DDC}.Debug|Any CPU.ActiveCfg = Debug|Any CPU
		{9AB3BE80-3F91-4CB9-9D7E-D264C0188DDC}.Debug|Any CPU.Build.0 = Debug|Any CPU
		{9AB3BE80-3F91-4CB9-9D7E-D264C0188DDC}.Release|Any CPU.ActiveCfg = Release|Any CPU
		{9AB3BE80-3F91-4CB9-9D7E-D264C0188DDC}.Release|Any CPU.Build.0 = Release|Any CPU
		{1E1367EA-F8C9-4927-B59F-225C8B7CD295}.Debug|Any CPU.ActiveCfg = Debug|Any CPU
		{1E1367EA-F8C9-4927-B59F-225C8B7CD295}.Debug|Any CPU.Build.0 = Debug|Any CPU
		{1E1367EA-F8C9-4927-B59F-225C8B7CD295}.Release|Any CPU.ActiveCfg = Release|Any CPU
		{1E1367EA-F8C9-4927-B59F-225C8B7CD295}.Release|Any CPU.Build.0 = Release|Any CPU
		{DD06A8CA-DD9E-4A7E-9EA7-6E56DEA66F64}.Debug|Any CPU.ActiveCfg = Debug|Any CPU
		{DD06A8CA-DD9E-4A7E-9EA7-6E56DEA66F64}.Debug|Any CPU.Build.0 = Debug|Any CPU
		{DD06A8CA-DD9E-4A7E-9EA7-6E56DEA66F64}.Release|Any CPU.ActiveCfg = Release|Any CPU
		{DD06A8CA-DD9E-4A7E-9EA7-6E56DEA66F64}.Release|Any CPU.Build.0 = Release|Any CPU
		{FD16C9A2-638A-4414-B797-48B69CEF9F45}.Debug|Any CPU.ActiveCfg = Debug|Any CPU
		{FD16C9A2-638A-4414-B797-48B69CEF9F45}.Debug|Any CPU.Build.0 = Debug|Any CPU
		{FD16C9A2-638A-4414-B797-48B69CEF9F45}.Release|Any CPU.ActiveCfg = Release|Any CPU
		{FD16C9A2-638A-4414-B797-48B69CEF9F45}.Release|Any CPU.Build.0 = Release|Any CPU
		{16F0554A-74FA-46FF-B04F-E18166B79A96}.Debug|Any CPU.ActiveCfg = Debug|Any CPU
		{16F0554A-74FA-46FF-B04F-E18166B79A96}.Debug|Any CPU.Build.0 = Debug|Any CPU
		{16F0554A-74FA-46FF-B04F-E18166B79A96}.Release|Any CPU.ActiveCfg = Release|Any CPU
		{16F0554A-74FA-46FF-B04F-E18166B79A96}.Release|Any CPU.Build.0 = Release|Any CPU
		{984A279A-CA7C-45F2-B578-E59FFC4579F8}.Debug|Any CPU.ActiveCfg = Debug|Any CPU
		{984A279A-CA7C-45F2-B578-E59FFC4579F8}.Debug|Any CPU.Build.0 = Debug|Any CPU
		{984A279A-CA7C-45F2-B578-E59FFC4579F8}.Release|Any CPU.ActiveCfg = Release|Any CPU
		{984A279A-CA7C-45F2-B578-E59FFC4579F8}.Release|Any CPU.Build.0 = Release|Any CPU
		{88ADA69B-D69F-4910-BBF7-B75128B7F472}.Debug|Any CPU.ActiveCfg = Debug|Any CPU
		{88ADA69B-D69F-4910-BBF7-B75128B7F472}.Debug|Any CPU.Build.0 = Debug|Any CPU
		{88ADA69B-D69F-4910-BBF7-B75128B7F472}.Release|Any CPU.ActiveCfg = Release|Any CPU
		{88ADA69B-D69F-4910-BBF7-B75128B7F472}.Release|Any CPU.Build.0 = Release|Any CPU
		{AB1F9545-CB00-4076-8326-CCFED19A8E56}.Debug|Any CPU.ActiveCfg = Debug|Any CPU
		{AB1F9545-CB00-4076-8326-CCFED19A8E56}.Debug|Any CPU.Build.0 = Debug|Any CPU
		{AB1F9545-CB00-4076-8326-CCFED19A8E56}.Release|Any CPU.ActiveCfg = Release|Any CPU
		{AB1F9545-CB00-4076-8326-CCFED19A8E56}.Release|Any CPU.Build.0 = Release|Any CPU
		{B48C0F66-9507-4BE2-9CFB-1D6AAC16AED4}.Debug|Any CPU.ActiveCfg = Debug|Any CPU
		{B48C0F66-9507-4BE2-9CFB-1D6AAC16AED4}.Debug|Any CPU.Build.0 = Debug|Any CPU
		{B48C0F66-9507-4BE2-9CFB-1D6AAC16AED4}.Release|Any CPU.ActiveCfg = Release|Any CPU
		{B48C0F66-9507-4BE2-9CFB-1D6AAC16AED4}.Release|Any CPU.Build.0 = Release|Any CPU
		{39A10E77-3840-417B-9FDC-D3C1AEA5077B}.Debug|Any CPU.ActiveCfg = Debug|Any CPU
		{39A10E77-3840-417B-9FDC-D3C1AEA5077B}.Debug|Any CPU.Build.0 = Debug|Any CPU
		{39A10E77-3840-417B-9FDC-D3C1AEA5077B}.Release|Any CPU.ActiveCfg = Release|Any CPU
		{39A10E77-3840-417B-9FDC-D3C1AEA5077B}.Release|Any CPU.Build.0 = Release|Any CPU
		{42AFBBE4-0234-4994-9212-595B58B17B2B}.Debug|Any CPU.ActiveCfg = Debug|Any CPU
		{42AFBBE4-0234-4994-9212-595B58B17B2B}.Debug|Any CPU.Build.0 = Debug|Any CPU
		{42AFBBE4-0234-4994-9212-595B58B17B2B}.Release|Any CPU.ActiveCfg = Release|Any CPU
		{42AFBBE4-0234-4994-9212-595B58B17B2B}.Release|Any CPU.Build.0 = Release|Any CPU
		{B5D1CA99-B769-4B46-9CF7-281132A41855}.Debug|Any CPU.ActiveCfg = Debug|Any CPU
		{B5D1CA99-B769-4B46-9CF7-281132A41855}.Debug|Any CPU.Build.0 = Debug|Any CPU
		{B5D1CA99-B769-4B46-9CF7-281132A41855}.Release|Any CPU.ActiveCfg = Release|Any CPU
		{B5D1CA99-B769-4B46-9CF7-281132A41855}.Release|Any CPU.Build.0 = Release|Any CPU
		{5799A4C0-79F9-44EA-BCBA-47D1EC710131}.Debug|Any CPU.ActiveCfg = Debug|Any CPU
		{5799A4C0-79F9-44EA-BCBA-47D1EC710131}.Debug|Any CPU.Build.0 = Debug|Any CPU
		{5799A4C0-79F9-44EA-BCBA-47D1EC710131}.Release|Any CPU.ActiveCfg = Release|Any CPU
		{5799A4C0-79F9-44EA-BCBA-47D1EC710131}.Release|Any CPU.Build.0 = Release|Any CPU
		{9DAF392E-0922-458B-8633-0327CF39FC9F}.Debug|Any CPU.ActiveCfg = Debug|Any CPU
		{9DAF392E-0922-458B-8633-0327CF39FC9F}.Debug|Any CPU.Build.0 = Debug|Any CPU
		{9DAF392E-0922-458B-8633-0327CF39FC9F}.Release|Any CPU.ActiveCfg = Release|Any CPU
		{9DAF392E-0922-458B-8633-0327CF39FC9F}.Release|Any CPU.Build.0 = Release|Any CPU
		{D08ED822-06F5-416C-96A3-0875C0D11519}.Debug|Any CPU.ActiveCfg = Debug|Any CPU
		{D08ED822-06F5-416C-96A3-0875C0D11519}.Debug|Any CPU.Build.0 = Debug|Any CPU
		{D08ED822-06F5-416C-96A3-0875C0D11519}.Release|Any CPU.ActiveCfg = Release|Any CPU
		{D08ED822-06F5-416C-96A3-0875C0D11519}.Release|Any CPU.Build.0 = Release|Any CPU
		{ED6EE88A-E422-4F88-B861-5FEC3E98FDCE}.Debug|Any CPU.ActiveCfg = Debug|Any CPU
		{ED6EE88A-E422-4F88-B861-5FEC3E98FDCE}.Debug|Any CPU.Build.0 = Debug|Any CPU
		{ED6EE88A-E422-4F88-B861-5FEC3E98FDCE}.Release|Any CPU.ActiveCfg = Release|Any CPU
		{ED6EE88A-E422-4F88-B861-5FEC3E98FDCE}.Release|Any CPU.Build.0 = Release|Any CPU
		{7B9EE6C8-12D0-4C95-99C3-9C8EE21640A3}.Debug|Any CPU.ActiveCfg = Debug|Any CPU
		{7B9EE6C8-12D0-4C95-99C3-9C8EE21640A3}.Debug|Any CPU.Build.0 = Debug|Any CPU
		{7B9EE6C8-12D0-4C95-99C3-9C8EE21640A3}.Release|Any CPU.ActiveCfg = Release|Any CPU
		{7B9EE6C8-12D0-4C95-99C3-9C8EE21640A3}.Release|Any CPU.Build.0 = Release|Any CPU
	EndGlobalSection
	GlobalSection(SolutionProperties) = preSolution
		HideSolutionNode = FALSE
	EndGlobalSection
	GlobalSection(ExtensibilityGlobals) = postSolution
		SolutionGuid = {EB3E4679-016D-4713-A496-91A3F234A7E8}
	EndGlobalSection
EndGlobal
